
Microsoft Visual Studio Solution File, Format Version 12.00
# Visual Studio 15
VisualStudioVersion = 15.0.27703.2035
MinimumVisualStudioVersion = 10.0.40219.1
Project("{FAE04EC0-301F-11D3-BF4B-00C04F79EFBC}") = "LoadData", "LoadData\LoadData.csproj", "{825BAC44-02F2-4AA6-91FB-C02F8A2EC3F4}"
EndProject
Project("{FAE04EC0-301F-11D3-BF4B-00C04F79EFBC}") = "Dl", "Dl\Dl.csproj", "{9942DDC1-A5E5-45CA-B599-43916F9E4B72}"
EndProject
Global
	GlobalSection(SolutionConfigurationPlatforms) = preSolution
		Debug|Any CPU = Debug|Any CPU
		Release|Any CPU = Release|Any CPU
	EndGlobalSection
	GlobalSection(ProjectConfigurationPlatforms) = postSolution
		{825BAC44-02F2-4AA6-91FB-C02F8A2EC3F4}.Debug|Any CPU.ActiveCfg = Debug|Any CPU
		{825BAC44-02F2-4AA6-91FB-C02F8A2EC3F4}.Debug|Any CPU.Build.0 = Debug|Any CPU
		{825BAC44-02F2-4AA6-91FB-C02F8A2EC3F4}.Release|Any CPU.ActiveCfg = Release|Any CPU
		{825BAC44-02F2-4AA6-91FB-C02F8A2EC3F4}.Release|Any CPU.Build.0 = Release|Any CPU
		{9942DDC1-A5E5-45CA-B599-43916F9E4B72}.Debug|Any CPU.ActiveCfg = Debug|Any CPU
		{9942DDC1-A5E5-45CA-B599-43916F9E4B72}.Debug|Any CPU.Build.0 = Debug|Any CPU
		{9942DDC1-A5E5-45CA-B599-43916F9E4B72}.Release|Any CPU.ActiveCfg = Release|Any CPU
		{9942DDC1-A5E5-45CA-B599-43916F9E4B72}.Release|Any CPU.Build.0 = Release|Any CPU
	EndGlobalSection
	GlobalSection(SolutionProperties) = preSolution
		HideSolutionNode = FALSE
	EndGlobalSection
	GlobalSection(ExtensibilityGlobals) = postSolution
		SolutionGuid = {1090B33F-6A5A-41F3-AC89-BF183168BDC3}
	EndGlobalSection
EndGlobal
